
Microsoft Visual Studio Solution File, Format Version 12.00
# Visual Studio Version 17
VisualStudioVersion = 17.9.34728.123
MinimumVisualStudioVersion = 10.0.40219.1
Project("{FAE04EC0-301F-11D3-BF4B-00C04F79EFBC}") = "GTCLExam", "GTCLExam\GTCLExam.csproj", "{BFDE79B3-4301-4B20-A47B-E6FE243C0AFA}"
EndProject
Global
	GlobalSection(SolutionConfigurationPlatforms) = preSolution
		Debug|Any CPU = Debug|Any CPU
		Release|Any CPU = Release|Any CPU
	EndGlobalSection
	GlobalSection(ProjectConfigurationPlatforms) = postSolution
		{BFDE79B3-4301-4B20-A47B-E6FE243C0AFA}.Debug|Any CPU.ActiveCfg = Debug|Any CPU
		{BFDE79B3-4301-4B20-A47B-E6FE243C0AFA}.Debug|Any CPU.Build.0 = Debug|Any CPU
		{BFDE79B3-4301-4B20-A47B-E6FE243C0AFA}.Release|Any CPU.ActiveCfg = Release|Any CPU
		{BFDE79B3-4301-4B20-A47B-E6FE243C0AFA}.Release|Any CPU.Build.0 = Release|Any CPU
	EndGlobalSection
	GlobalSection(SolutionProperties) = preSolution
		HideSolutionNode = FALSE
	EndGlobalSection
	GlobalSection(ExtensibilityGlobals) = postSolution
		SolutionGuid = {C8549B01-91F5-4ABE-81B3-341C3CB13ED0}
	EndGlobalSection
EndGlobal
